
Microsoft Visual Studio Solution File, Format Version 12.00
# Visual Studio Version 17
VisualStudioVersion = 17.4.33213.308
MinimumVisualStudioVersion = 10.0.40219.1
Project("{9A19103F-16F7-4668-BE54-9A1E7A4F7556}") = "IMS.WebApp", "IMS.WebApp\IMS.WebApp.csproj", "{98DF0195-1F09-4B6B-A1E8-3228C1FA1A6B}"
EndProject
Project("{9A19103F-16F7-4668-BE54-9A1E7A4F7556}") = "IMS.UseCases", "IMS.UseCases\IMS.UseCases.csproj", "{1505C497-B5E5-4143-BD68-A3F7FFBD0040}"
EndProject
Project("{9A19103F-16F7-4668-BE54-9A1E7A4F7556}") = "IMS.CoreBusiness", "IMS.CoreBusiness\IMS.CoreBusiness.csproj", "{36722496-7C90-4F15-9468-D022688408E7}"
EndProject
Project("{2150E333-8FDC-42A3-9474-1A3956D46DE8}") = "IMS.Plugins", "IMS.Plugins", "{CC746EB8-1285-4E0B-A819-689AAAC10E71}"
EndProject
Project("{9A19103F-16F7-4668-BE54-9A1E7A4F7556}") = "IMS.Plugins.InMemory", "IMS.Plugins.InMemory\IMS.Plugins.InMemory.csproj", "{A4779879-8CF1-4F66-A7C0-E55A6DC98A00}"
EndProject
Project("{9A19103F-16F7-4668-BE54-9A1E7A4F7556}") = "xUnitTest", "xUnitTest\xUnitTest.csproj", "{29089980-B185-4221-886F-F1B561B90609}"
EndProject
Project("{9A19103F-16F7-4668-BE54-9A1E7A4F7556}") = "IMS.Plugins.EFCore", "IMS.Plugins.EFCore\IMS.Plugins.EFCore.csproj", "{6E0C07F7-8469-4B82-B854-6809DC8F9643}"
EndProject
Project("{9A19103F-16F7-4668-BE54-9A1E7A4F7556}") = "IMS.plugins.DataStore.HardCoded", "IMS.plugins.DataStore.HardCoded\IMS.plugins.DataStore.HardCoded.csproj", "{A9FB24B4-CCA1-490E-AB09-541CEEA8E72F}"
EndProject
Project("{9A19103F-16F7-4668-BE54-9A1E7A4F7556}") = "Notes", "Notes\Notes.csproj", "{3CEC69A9-AB03-4434-840C-7B8EE24933BD}"
EndProject
Project("{9A19103F-16F7-4668-BE54-9A1E7A4F7556}") = "IMS.Plugins.SQL", "IMS.Plugins.SQL\IMS.Plugins.SQL.csproj", "{18B06FB5-2BBF-4C13-89F9-7B3A62FE7E1C}"
EndProject
Project("{9A19103F-16F7-4668-BE54-9A1E7A4F7556}") = "IMS.Api", "IMS.Api\IMS.Api.csproj", "{2B11F52D-B72A-471E-81E0-642C18DFB8C6}"
EndProject
Project("{9A19103F-16F7-4668-BE54-9A1E7A4F7556}") = "IMS.Plugins.SQLite", "IMS.Plugins.SQLite\IMS.Plugins.SQLite.csproj", "{D6A46142-F486-4213-BB41-09F4ED04D3D3}"
EndProject
Global
	GlobalSection(SolutionConfigurationPlatforms) = preSolution
		Debug|Any CPU = Debug|Any CPU
		Release|Any CPU = Release|Any CPU
	EndGlobalSection
	GlobalSection(ProjectConfigurationPlatforms) = postSolution
		{98DF0195-1F09-4B6B-A1E8-3228C1FA1A6B}.Debug|Any CPU.ActiveCfg = Debug|Any CPU
		{98DF0195-1F09-4B6B-A1E8-3228C1FA1A6B}.Debug|Any CPU.Build.0 = Debug|Any CPU
		{98DF0195-1F09-4B6B-A1E8-3228C1FA1A6B}.Release|Any CPU.ActiveCfg = Release|Any CPU
		{98DF0195-1F09-4B6B-A1E8-3228C1FA1A6B}.Release|Any CPU.Build.0 = Release|Any CPU
		{1505C497-B5E5-4143-BD68-A3F7FFBD0040}.Debug|Any CPU.ActiveCfg = Debug|Any CPU
		{1505C497-B5E5-4143-BD68-A3F7FFBD0040}.Debug|Any CPU.Build.0 = Debug|Any CPU
		{1505C497-B5E5-4143-BD68-A3F7FFBD0040}.Release|Any CPU.ActiveCfg = Release|Any CPU
		{1505C497-B5E5-4143-BD68-A3F7FFBD0040}.Release|Any CPU.Build.0 = Release|Any CPU
		{36722496-7C90-4F15-9468-D022688408E7}.Debug|Any CPU.ActiveCfg = Debug|Any CPU
		{36722496-7C90-4F15-9468-D022688408E7}.Debug|Any CPU.Build.0 = Debug|Any CPU
		{36722496-7C90-4F15-9468-D022688408E7}.Release|Any CPU.ActiveCfg = Release|Any CPU
		{36722496-7C90-4F15-9468-D022688408E7}.Release|Any CPU.Build.0 = Release|Any CPU
		{A4779879-8CF1-4F66-A7C0-E55A6DC98A00}.Debug|Any CPU.ActiveCfg = Debug|Any CPU
		{A4779879-8CF1-4F66-A7C0-E55A6DC98A00}.Debug|Any CPU.Build.0 = Debug|Any CPU
		{A4779879-8CF1-4F66-A7C0-E55A6DC98A00}.Release|Any CPU.ActiveCfg = Release|Any CPU
		{A4779879-8CF1-4F66-A7C0-E55A6DC98A00}.Release|Any CPU.Build.0 = Release|Any CPU
		{29089980-B185-4221-886F-F1B561B90609}.Debug|Any CPU.ActiveCfg = Debug|Any CPU
		{29089980-B185-4221-886F-F1B561B90609}.Debug|Any CPU.Build.0 = Debug|Any CPU
		{29089980-B185-4221-886F-F1B561B90609}.Release|Any CPU.ActiveCfg = Release|Any CPU
		{29089980-B185-4221-886F-F1B561B90609}.Release|Any CPU.Build.0 = Release|Any CPU
		{6E0C07F7-8469-4B82-B854-6809DC8F9643}.Debug|Any CPU.ActiveCfg = Debug|Any CPU
		{6E0C07F7-8469-4B82-B854-6809DC8F9643}.Debug|Any CPU.Build.0 = Debug|Any CPU
		{6E0C07F7-8469-4B82-B854-6809DC8F9643}.Release|Any CPU.ActiveCfg = Release|Any CPU
		{6E0C07F7-8469-4B82-B854-6809DC8F9643}.Release|Any CPU.Build.0 = Release|Any CPU
		{A9FB24B4-CCA1-490E-AB09-541CEEA8E72F}.Debug|Any CPU.ActiveCfg = Debug|Any CPU
		{A9FB24B4-CCA1-490E-AB09-541CEEA8E72F}.Debug|Any CPU.Build.0 = Debug|Any CPU
		{A9FB24B4-CCA1-490E-AB09-541CEEA8E72F}.Release|Any CPU.ActiveCfg = Release|Any CPU
		{A9FB24B4-CCA1-490E-AB09-541CEEA8E72F}.Release|Any CPU.Build.0 = Release|Any CPU
		{3CEC69A9-AB03-4434-840C-7B8EE24933BD}.Debug|Any CPU.ActiveCfg = Debug|Any CPU
		{3CEC69A9-AB03-4434-840C-7B8EE24933BD}.Debug|Any CPU.Build.0 = Debug|Any CPU
		{3CEC69A9-AB03-4434-840C-7B8EE24933BD}.Release|Any CPU.ActiveCfg = Release|Any CPU
		{3CEC69A9-AB03-4434-840C-7B8EE24933BD}.Release|Any CPU.Build.0 = Release|Any CPU
		{18B06FB5-2BBF-4C13-89F9-7B3A62FE7E1C}.Debug|Any CPU.ActiveCfg = Debug|Any CPU
		{18B06FB5-2BBF-4C13-89F9-7B3A62FE7E1C}.Debug|Any CPU.Build.0 = Debug|Any CPU
		{18B06FB5-2BBF-4C13-89F9-7B3A62FE7E1C}.Release|Any CPU.ActiveCfg = Release|Any CPU
		{18B06FB5-2BBF-4C13-89F9-7B3A62FE7E1C}.Release|Any CPU.Build.0 = Release|Any CPU
		{2B11F52D-B72A-471E-81E0-642C18DFB8C6}.Debug|Any CPU.ActiveCfg = Debug|Any CPU
		{2B11F52D-B72A-471E-81E0-642C18DFB8C6}.Debug|Any CPU.Build.0 = Debug|Any CPU
		{2B11F52D-B72A-471E-81E0-642C18DFB8C6}.Release|Any CPU.ActiveCfg = Release|Any CPU
		{2B11F52D-B72A-471E-81E0-642C18DFB8C6}.Release|Any CPU.Build.0 = Release|Any CPU
		{D6A46142-F486-4213-BB41-09F4ED04D3D3}.Debug|Any CPU.ActiveCfg = Debug|Any CPU
		{D6A46142-F486-4213-BB41-09F4ED04D3D3}.Debug|Any CPU.Build.0 = Debug|Any CPU
		{D6A46142-F486-4213-BB41-09F4ED04D3D3}.Release|Any CPU.ActiveCfg = Release|Any CPU
		{D6A46142-F486-4213-BB41-09F4ED04D3D3}.Release|Any CPU.Build.0 = Release|Any CPU
	EndGlobalSection
	GlobalSection(SolutionProperties) = preSolution
		HideSolutionNode = FALSE
	EndGlobalSection
	GlobalSection(NestedProjects) = preSolution
		{A4779879-8CF1-4F66-A7C0-E55A6DC98A00} = {CC746EB8-1285-4E0B-A819-689AAAC10E71}
		{29089980-B185-4221-886F-F1B561B90609} = {CC746EB8-1285-4E0B-A819-689AAAC10E71}
		{6E0C07F7-8469-4B82-B854-6809DC8F9643} = {CC746EB8-1285-4E0B-A819-689AAAC10E71}
		{A9FB24B4-CCA1-490E-AB09-541CEEA8E72F} = {CC746EB8-1285-4E0B-A819-689AAAC10E71}
		{3CEC69A9-AB03-4434-840C-7B8EE24933BD} = {CC746EB8-1285-4E0B-A819-689AAAC10E71}
		{18B06FB5-2BBF-4C13-89F9-7B3A62FE7E1C} = {CC746EB8-1285-4E0B-A819-689AAAC10E71}
		{2B11F52D-B72A-471E-81E0-642C18DFB8C6} = {CC746EB8-1285-4E0B-A819-689AAAC10E71}
		{D6A46142-F486-4213-BB41-09F4ED04D3D3} = {CC746EB8-1285-4E0B-A819-689AAAC10E71}
	EndGlobalSection
	GlobalSection(ExtensibilityGlobals) = postSolution
		SolutionGuid = {B04BDD8C-997C-4D4D-84E7-EB6B61CBC613}
	EndGlobalSection
EndGlobal
